{
  "name": "setwise-router",
  "version": "0.0.0",
  "lockfileVersion": 3,
  "requires": true,
  "packages": {
    "": {
      "name": "setwise-router",
      "version": "0.0.0",
      "workspaces": [
        "services/quote",
        "app"
      ],
      "engines": {
        "node": ">=22"
      }
    },
    "app": {
      "name": "@setwise-router/app",
      "version": "0.0.0",
      "engines": {
        "node": ">=22"
      }
    },
    "node_modules/@setwise-router/app": {
      "resolved": "app",
      "link": true
    },
    "node_modules/@setwise-router/quote": {
      "resolved": "services/quote",
      "link": true
    },
    "services/quote": {
      "name": "@setwise-router/quote",
      "version": "0.0.0",
      "engines": {
        "node": ">=22"
      }
    }
  }
}
